
Microsoft Visual Studio Solution File, Format Version 12.00
# Visual Studio Version 17
VisualStudioVersion = 17.5.33502.453
MinimumVisualStudioVersion = 10.0.40219.1
Project("{FAE04EC0-301F-11D3-BF4B-00C04F79EFBC}") = "Task_6", "Task_6\Task_6.csproj", "{CBCB81C2-6EFC-4ADD-8E0D-6A9FBAC6DBC2}"
EndProject
Project("{FAE04EC0-301F-11D3-BF4B-00C04F79EFBC}") = "Task_2", "Task_2\Task_2.csproj", "{6C9541E6-6ABF-4309-9030-009F7BA68E1E}"
EndProject
Project("{FAE04EC0-301F-11D3-BF4B-00C04F79EFBC}") = "Task_4", "Task_4\Task_4.csproj", "{A96F8BCA-930B-4C47-BFF6-81CBEC96B04D}"
EndProject
Project("{FAE04EC0-301F-11D3-BF4B-00C04F79EFBC}") = "Task_3", "Task_3\Task_3.csproj", "{1D325291-AA7E-4DB9-BA80-7AE42C0B0213}"
EndProject
Global
	GlobalSection(SolutionConfigurationPlatforms) = preSolution
		Debug|Any CPU = Debug|Any CPU
		Release|Any CPU = Release|Any CPU
	EndGlobalSection
	GlobalSection(ProjectConfigurationPlatforms) = postSolution
		{CBCB81C2-6EFC-4ADD-8E0D-6A9FBAC6DBC2}.Debug|Any CPU.ActiveCfg = Debug|Any CPU
		{CBCB81C2-6EFC-4ADD-8E0D-6A9FBAC6DBC2}.Debug|Any CPU.Build.0 = Debug|Any CPU
		{CBCB81C2-6EFC-4ADD-8E0D-6A9FBAC6DBC2}.Release|Any CPU.ActiveCfg = Release|Any CPU
		{CBCB81C2-6EFC-4ADD-8E0D-6A9FBAC6DBC2}.Release|Any CPU.Build.0 = Release|Any CPU
		{6C9541E6-6ABF-4309-9030-009F7BA68E1E}.Debug|Any CPU.ActiveCfg = Debug|Any CPU
		{6C9541E6-6ABF-4309-9030-009F7BA68E1E}.Debug|Any CPU.Build.0 = Debug|Any CPU
		{6C9541E6-6ABF-4309-9030-009F7BA68E1E}.Release|Any CPU.ActiveCfg = Release|Any CPU
		{6C9541E6-6ABF-4309-9030-009F7BA68E1E}.Release|Any CPU.Build.0 = Release|Any CPU
		{A96F8BCA-930B-4C47-BFF6-81CBEC96B04D}.Debug|Any CPU.ActiveCfg = Debug|Any CPU
		{A96F8BCA-930B-4C47-BFF6-81CBEC96B04D}.Debug|Any CPU.Build.0 = Debug|Any CPU
		{A96F8BCA-930B-4C47-BFF6-81CBEC96B04D}.Release|Any CPU.ActiveCfg = Release|Any CPU
		{A96F8BCA-930B-4C47-BFF6-81CBEC96B04D}.Release|Any CPU.Build.0 = Release|Any CPU
		{1D325291-AA7E-4DB9-BA80-7AE42C0B0213}.Debug|Any CPU.ActiveCfg = Debug|Any CPU
		{1D325291-AA7E-4DB9-BA80-7AE42C0B0213}.Debug|Any CPU.Build.0 = Debug|Any CPU
		{1D325291-AA7E-4DB9-BA80-7AE42C0B0213}.Release|Any CPU.ActiveCfg = Release|Any CPU
		{1D325291-AA7E-4DB9-BA80-7AE42C0B0213}.Release|Any CPU.Build.0 = Release|Any CPU
	EndGlobalSection
	GlobalSection(SolutionProperties) = preSolution
		HideSolutionNode = FALSE
	EndGlobalSection
	GlobalSection(ExtensibilityGlobals) = postSolution
		SolutionGuid = {FC766484-09C6-4362-8062-4E628DDF486F}
	EndGlobalSection
EndGlobal
